
Microsoft Visual Studio Solution File, Format Version 12.00
# Visual Studio Version 16
VisualStudioVersion = 16.0.31624.102
MinimumVisualStudioVersion = 10.0.40219.1
Project("{FAE04EC0-301F-11D3-BF4B-00C04F79EFBC}") = "WpfApp", "WpfApp\WpfApp.csproj", "{B4F06F9F-E9B8-46E7-945E-43BF5E775407}"
EndProject
Project("{FAE04EC0-301F-11D3-BF4B-00C04F79EFBC}") = "Models", "Models\Models.csproj", "{76BDF79C-F004-408E-B7FA-54A8D14A2682}"
EndProject
Global
	GlobalSection(SolutionConfigurationPlatforms) = preSolution
		Debug|Any CPU = Debug|Any CPU
		Release|Any CPU = Release|Any CPU
	EndGlobalSection
	GlobalSection(ProjectConfigurationPlatforms) = postSolution
		{B4F06F9F-E9B8-46E7-945E-43BF5E775407}.Debug|Any CPU.ActiveCfg = Debug|Any CPU
		{B4F06F9F-E9B8-46E7-945E-43BF5E775407}.Debug|Any CPU.Build.0 = Debug|Any CPU
		{B4F06F9F-E9B8-46E7-945E-43BF5E775407}.Release|Any CPU.ActiveCfg = Release|Any CPU
		{B4F06F9F-E9B8-46E7-945E-43BF5E775407}.Release|Any CPU.Build.0 = Release|Any CPU
		{76BDF79C-F004-408E-B7FA-54A8D14A2682}.Debug|Any CPU.ActiveCfg = Debug|Any CPU
		{76BDF79C-F004-408E-B7FA-54A8D14A2682}.Debug|Any CPU.Build.0 = Debug|Any CPU
		{76BDF79C-F004-408E-B7FA-54A8D14A2682}.Release|Any CPU.ActiveCfg = Release|Any CPU
		{76BDF79C-F004-408E-B7FA-54A8D14A2682}.Release|Any CPU.Build.0 = Release|Any CPU
	EndGlobalSection
	GlobalSection(SolutionProperties) = preSolution
		HideSolutionNode = FALSE
	EndGlobalSection
	GlobalSection(ExtensibilityGlobals) = postSolution
		SolutionGuid = {D2460085-06B8-4FFC-8A05-9B2D67ADC304}
	EndGlobalSection
EndGlobal
