
Microsoft Visual Studio Solution File, Format Version 12.00
# Visual Studio Version 16
VisualStudioVersion = 16.0.31624.102
MinimumVisualStudioVersion = 10.0.40219.1
Project("{FAE04EC0-301F-11D3-BF4B-00C04F79EFBC}") = "WpfApp", "WpfApp\WpfApp.csproj", "{B4F06F9F-E9B8-46E7-945E-43BF5E775407}"
EndProject
Project("{FAE04EC0-301F-11D3-BF4B-00C04F79EFBC}") = "Models", "Models\Models.csproj", "{76BDF79C-F004-408E-B7FA-54A8D14A2682}"
EndProject
Project("{FAE04EC0-301F-11D3-BF4B-00C04F79EFBC}") = "ConsoleApp", "ConsoleApp\ConsoleApp.csproj", "{3D6FF7B1-C2F6-4F33-84C9-2CF150374599}"
EndProject
Project("{FAE04EC0-301F-11D3-BF4B-00C04F79EFBC}") = "Services.Interfaces", "Services.Interfaces\Services.Interfaces.csproj", "{7E6DDC4E-1096-4A8C-8D0F-84D5334707E2}"
EndProject
Project("{FAE04EC0-301F-11D3-BF4B-00C04F79EFBC}") = "Services.InMemory", "Services.InMemory\Services.InMemory.csproj", "{1E054262-F72B-4387-835E-20804AAF7CBD}"
EndProject
Project("{FAE04EC0-301F-11D3-BF4B-00C04F79EFBC}") = "DAL", "DAL\DAL.csproj", "{748F6DAB-7ED4-4387-86F2-0E95AC517A06}"
EndProject
Project("{FAE04EC0-301F-11D3-BF4B-00C04F79EFBC}") = "Services.Database", "Services.Database\Services.Database.csproj", "{3E9D6837-4C46-4FF0-BC37-CD46D1D61C57}"
EndProject
Global
	GlobalSection(SolutionConfigurationPlatforms) = preSolution
		Debug|Any CPU = Debug|Any CPU
		Release|Any CPU = Release|Any CPU
	EndGlobalSection
	GlobalSection(ProjectConfigurationPlatforms) = postSolution
		{B4F06F9F-E9B8-46E7-945E-43BF5E775407}.Debug|Any CPU.ActiveCfg = Debug|Any CPU
		{B4F06F9F-E9B8-46E7-945E-43BF5E775407}.Debug|Any CPU.Build.0 = Debug|Any CPU
		{B4F06F9F-E9B8-46E7-945E-43BF5E775407}.Release|Any CPU.ActiveCfg = Release|Any CPU
		{B4F06F9F-E9B8-46E7-945E-43BF5E775407}.Release|Any CPU.Build.0 = Release|Any CPU
		{76BDF79C-F004-408E-B7FA-54A8D14A2682}.Debug|Any CPU.ActiveCfg = Debug|Any CPU
		{76BDF79C-F004-408E-B7FA-54A8D14A2682}.Debug|Any CPU.Build.0 = Debug|Any CPU
		{76BDF79C-F004-408E-B7FA-54A8D14A2682}.Release|Any CPU.ActiveCfg = Release|Any CPU
		{76BDF79C-F004-408E-B7FA-54A8D14A2682}.Release|Any CPU.Build.0 = Release|Any CPU
		{3D6FF7B1-C2F6-4F33-84C9-2CF150374599}.Debug|Any CPU.ActiveCfg = Debug|Any CPU
		{3D6FF7B1-C2F6-4F33-84C9-2CF150374599}.Debug|Any CPU.Build.0 = Debug|Any CPU
		{3D6FF7B1-C2F6-4F33-84C9-2CF150374599}.Release|Any CPU.ActiveCfg = Release|Any CPU
		{3D6FF7B1-C2F6-4F33-84C9-2CF150374599}.Release|Any CPU.Build.0 = Release|Any CPU
		{7E6DDC4E-1096-4A8C-8D0F-84D5334707E2}.Debug|Any CPU.ActiveCfg = Debug|Any CPU
		{7E6DDC4E-1096-4A8C-8D0F-84D5334707E2}.Debug|Any CPU.Build.0 = Debug|Any CPU
		{7E6DDC4E-1096-4A8C-8D0F-84D5334707E2}.Release|Any CPU.ActiveCfg = Release|Any CPU
		{7E6DDC4E-1096-4A8C-8D0F-84D5334707E2}.Release|Any CPU.Build.0 = Release|Any CPU
		{1E054262-F72B-4387-835E-20804AAF7CBD}.Debug|Any CPU.ActiveCfg = Debug|Any CPU
		{1E054262-F72B-4387-835E-20804AAF7CBD}.Debug|Any CPU.Build.0 = Debug|Any CPU
		{1E054262-F72B-4387-835E-20804AAF7CBD}.Release|Any CPU.ActiveCfg = Release|Any CPU
		{1E054262-F72B-4387-835E-20804AAF7CBD}.Release|Any CPU.Build.0 = Release|Any CPU
		{748F6DAB-7ED4-4387-86F2-0E95AC517A06}.Debug|Any CPU.ActiveCfg = Debug|Any CPU
		{748F6DAB-7ED4-4387-86F2-0E95AC517A06}.Debug|Any CPU.Build.0 = Debug|Any CPU
		{748F6DAB-7ED4-4387-86F2-0E95AC517A06}.Release|Any CPU.ActiveCfg = Release|Any CPU
		{748F6DAB-7ED4-4387-86F2-0E95AC517A06}.Release|Any CPU.Build.0 = Release|Any CPU
		{3E9D6837-4C46-4FF0-BC37-CD46D1D61C57}.Debug|Any CPU.ActiveCfg = Debug|Any CPU
		{3E9D6837-4C46-4FF0-BC37-CD46D1D61C57}.Debug|Any CPU.Build.0 = Debug|Any CPU
		{3E9D6837-4C46-4FF0-BC37-CD46D1D61C57}.Release|Any CPU.ActiveCfg = Release|Any CPU
		{3E9D6837-4C46-4FF0-BC37-CD46D1D61C57}.Release|Any CPU.Build.0 = Release|Any CPU
	EndGlobalSection
	GlobalSection(SolutionProperties) = preSolution
		HideSolutionNode = FALSE
	EndGlobalSection
	GlobalSection(ExtensibilityGlobals) = postSolution
		SolutionGuid = {D2460085-06B8-4FFC-8A05-9B2D67ADC304}
	EndGlobalSection
EndGlobal
